
Microsoft Visual Studio Solution File, Format Version 12.00
# Visual Studio Version 16
VisualStudioVersion = 16.0.32126.315
MinimumVisualStudioVersion = 10.0.40219.1
Project("{9A19103F-16F7-4668-BE54-9A1E7A4F7556}") = "UserData", "UserData\UserData.csproj", "{2C4E83E0-A347-4B61-8CE5-4358B316FA3F}"
EndProject
Project("{9A19103F-16F7-4668-BE54-9A1E7A4F7556}") = "UserAge", "UserAge\UserAge.csproj", "{E9948415-F331-415F-B01E-8A34CBD6FE4D}"
EndProject
Project("{9A19103F-16F7-4668-BE54-9A1E7A4F7556}") = "InstagramAgeCheck", "InstagramAgeCheck\InstagramAgeCheck.csproj", "{A79F42F5-EECE-43C8-BB5A-597FB3955D4D}"
EndProject
Project("{FAE04EC0-301F-11D3-BF4B-00C04F79EFBC}") = "DrivingLicence", "DrivingLicence\DrivingLicence.csproj", "{580E7004-C063-443E-B7C6-97DBD206BEC7}"
EndProject
Global
	GlobalSection(SolutionConfigurationPlatforms) = preSolution
		Debug|Any CPU = Debug|Any CPU
		Release|Any CPU = Release|Any CPU
	EndGlobalSection
	GlobalSection(ProjectConfigurationPlatforms) = postSolution
		{2C4E83E0-A347-4B61-8CE5-4358B316FA3F}.Debug|Any CPU.ActiveCfg = Debug|Any CPU
		{2C4E83E0-A347-4B61-8CE5-4358B316FA3F}.Debug|Any CPU.Build.0 = Debug|Any CPU
		{2C4E83E0-A347-4B61-8CE5-4358B316FA3F}.Release|Any CPU.ActiveCfg = Release|Any CPU
		{2C4E83E0-A347-4B61-8CE5-4358B316FA3F}.Release|Any CPU.Build.0 = Release|Any CPU
		{E9948415-F331-415F-B01E-8A34CBD6FE4D}.Debug|Any CPU.ActiveCfg = Debug|Any CPU
		{E9948415-F331-415F-B01E-8A34CBD6FE4D}.Debug|Any CPU.Build.0 = Debug|Any CPU
		{E9948415-F331-415F-B01E-8A34CBD6FE4D}.Release|Any CPU.ActiveCfg = Release|Any CPU
		{E9948415-F331-415F-B01E-8A34CBD6FE4D}.Release|Any CPU.Build.0 = Release|Any CPU
		{A79F42F5-EECE-43C8-BB5A-597FB3955D4D}.Debug|Any CPU.ActiveCfg = Debug|Any CPU
		{A79F42F5-EECE-43C8-BB5A-597FB3955D4D}.Debug|Any CPU.Build.0 = Debug|Any CPU
		{A79F42F5-EECE-43C8-BB5A-597FB3955D4D}.Release|Any CPU.ActiveCfg = Release|Any CPU
		{A79F42F5-EECE-43C8-BB5A-597FB3955D4D}.Release|Any CPU.Build.0 = Release|Any CPU
		{580E7004-C063-443E-B7C6-97DBD206BEC7}.Debug|Any CPU.ActiveCfg = Debug|Any CPU
		{580E7004-C063-443E-B7C6-97DBD206BEC7}.Debug|Any CPU.Build.0 = Debug|Any CPU
		{580E7004-C063-443E-B7C6-97DBD206BEC7}.Release|Any CPU.ActiveCfg = Release|Any CPU
		{580E7004-C063-443E-B7C6-97DBD206BEC7}.Release|Any CPU.Build.0 = Release|Any CPU
	EndGlobalSection
	GlobalSection(SolutionProperties) = preSolution
		HideSolutionNode = FALSE
	EndGlobalSection
	GlobalSection(ExtensibilityGlobals) = postSolution
		SolutionGuid = {42405BF2-304F-4EC2-ACC1-804EE68E4F6F}
	EndGlobalSection
EndGlobal
